
Microsoft Visual Studio Solution File, Format Version 11.00
# Visual Studio 2010
Project("{8BC9CEB8-8B4A-11D0-8D11-00A0C91BC942}") = "vs2010TestGItHub", "vs2010TestGItHub\vs2010TestGItHub.vcxproj", "{64C836AB-806C-4BBB-B9CD-537307E2B522}"
EndProject
Global
	GlobalSection(SolutionConfigurationPlatforms) = preSolution
		Debug|Win32 = Debug|Win32
		Release|Win32 = Release|Win32
	EndGlobalSection
	GlobalSection(ProjectConfigurationPlatforms) = postSolution
		{64C836AB-806C-4BBB-B9CD-537307E2B522}.Debug|Win32.ActiveCfg = Debug|Win32
		{64C836AB-806C-4BBB-B9CD-537307E2B522}.Debug|Win32.Build.0 = Debug|Win32
		{64C836AB-806C-4BBB-B9CD-537307E2B522}.Release|Win32.ActiveCfg = Release|Win32
		{64C836AB-806C-4BBB-B9CD-537307E2B522}.Release|Win32.Build.0 = Release|Win32
	EndGlobalSection
	GlobalSection(SolutionProperties) = preSolution
		HideSolutionNode = FALSE
	EndGlobalSection
EndGlobal
